
Microsoft Visual Studio Solution File, Format Version 12.00
# Visual Studio Version 17
VisualStudioVersion = 17.4.33213.308
MinimumVisualStudioVersion = 10.0.40219.1
Project("{9A19103F-16F7-4668-BE54-9A1E7A4F7556}") = "ApiDDD.Api", "..\ApiDDDTest\ApiDDDTest\ApiDDD.Api.csproj", "{FDDA32AB-A112-48D8-AF6F-C54489ED1AF7}"
EndProject
Project("{9A19103F-16F7-4668-BE54-9A1E7A4F7556}") = "ApiDDD.Contracts", "ApiDDD.Contracts\ApiDDD.Contracts.csproj", "{ED7082C8-70CF-4B57-A5DE-731A01516FA0}"
EndProject
Project("{9A19103F-16F7-4668-BE54-9A1E7A4F7556}") = "ApiDDD.Infrastructure", "ApiDDD.Infrastructure\ApiDDD.Infrastructure.csproj", "{6B56CEDD-9721-442D-BD83-823D02564A54}"
EndProject
Project("{9A19103F-16F7-4668-BE54-9A1E7A4F7556}") = "ApiDDD.Application", "ApiDDD.Application\ApiDDD.Application.csproj", "{620851F5-E775-48C7-8C71-79524ABBA852}"
EndProject
Project("{9A19103F-16F7-4668-BE54-9A1E7A4F7556}") = "ApiDDD.Domain", "ApiDDD.Domain\ApiDDD.Domain.csproj", "{26DDB01E-7653-46A0-80AE-3E656356683B}"
EndProject
Global
	GlobalSection(SolutionConfigurationPlatforms) = preSolution
		Debug|Any CPU = Debug|Any CPU
		Release|Any CPU = Release|Any CPU
	EndGlobalSection
	GlobalSection(ProjectConfigurationPlatforms) = postSolution
		{FDDA32AB-A112-48D8-AF6F-C54489ED1AF7}.Debug|Any CPU.ActiveCfg = Debug|Any CPU
		{FDDA32AB-A112-48D8-AF6F-C54489ED1AF7}.Debug|Any CPU.Build.0 = Debug|Any CPU
		{FDDA32AB-A112-48D8-AF6F-C54489ED1AF7}.Release|Any CPU.ActiveCfg = Release|Any CPU
		{FDDA32AB-A112-48D8-AF6F-C54489ED1AF7}.Release|Any CPU.Build.0 = Release|Any CPU
		{ED7082C8-70CF-4B57-A5DE-731A01516FA0}.Debug|Any CPU.ActiveCfg = Debug|Any CPU
		{ED7082C8-70CF-4B57-A5DE-731A01516FA0}.Debug|Any CPU.Build.0 = Debug|Any CPU
		{ED7082C8-70CF-4B57-A5DE-731A01516FA0}.Release|Any CPU.ActiveCfg = Release|Any CPU
		{ED7082C8-70CF-4B57-A5DE-731A01516FA0}.Release|Any CPU.Build.0 = Release|Any CPU
		{6B56CEDD-9721-442D-BD83-823D02564A54}.Debug|Any CPU.ActiveCfg = Debug|Any CPU
		{6B56CEDD-9721-442D-BD83-823D02564A54}.Debug|Any CPU.Build.0 = Debug|Any CPU
		{6B56CEDD-9721-442D-BD83-823D02564A54}.Release|Any CPU.ActiveCfg = Release|Any CPU
		{6B56CEDD-9721-442D-BD83-823D02564A54}.Release|Any CPU.Build.0 = Release|Any CPU
		{620851F5-E775-48C7-8C71-79524ABBA852}.Debug|Any CPU.ActiveCfg = Debug|Any CPU
		{620851F5-E775-48C7-8C71-79524ABBA852}.Debug|Any CPU.Build.0 = Debug|Any CPU
		{620851F5-E775-48C7-8C71-79524ABBA852}.Release|Any CPU.ActiveCfg = Release|Any CPU
		{620851F5-E775-48C7-8C71-79524ABBA852}.Release|Any CPU.Build.0 = Release|Any CPU
		{26DDB01E-7653-46A0-80AE-3E656356683B}.Debug|Any CPU.ActiveCfg = Debug|Any CPU
		{26DDB01E-7653-46A0-80AE-3E656356683B}.Debug|Any CPU.Build.0 = Debug|Any CPU
		{26DDB01E-7653-46A0-80AE-3E656356683B}.Release|Any CPU.ActiveCfg = Release|Any CPU
		{26DDB01E-7653-46A0-80AE-3E656356683B}.Release|Any CPU.Build.0 = Release|Any CPU
	EndGlobalSection
	GlobalSection(SolutionProperties) = preSolution
		HideSolutionNode = FALSE
	EndGlobalSection
	GlobalSection(ExtensibilityGlobals) = postSolution
		SolutionGuid = {F17D2757-B70E-4AB2-887D-2AFDFE6DF44F}
	EndGlobalSection
EndGlobal
